{
  "name": "img",
  "lockfileVersion": 3,
  "requires": true,
  "packages": {
    "": {
      "dependencies": {
        "mui-player": "^1.8.1",
        "mui-player-desktop-plugin": "^1.6.0"
      }
    },
    "node_modules/mui-player": {
      "version": "1.8.1",
      "resolved": "https://registry.npmmirror.com/mui-player/-/mui-player-1.8.1.tgz",
      "integrity": "sha512-5o0SnSyVImxT9XUO6jCMmcJ+ZyAEJeFvdeZDHHPNS/LdwhzWX4yQPNgx8nzRbcUJ749xpqEQ6uVddiexLyvvqg=="
    },
    "node_modules/mui-player-desktop-plugin": {
      "version": "1.6.0",
      "resolved": "https://registry.npmmirror.com/mui-player-desktop-plugin/-/mui-player-desktop-plugin-1.6.0.tgz",
      "integrity": "sha512-KZB5NaAhi9+Cv5+s1yZA5m7HsIoGz2vL5UJhoRYoPx5LKD+449oetYqS0PNMAqCDfD90MMuBRZuADWmmTnhjXA=="
    }
  }
}
